
Microsoft Visual Studio Solution File, Format Version 12.00
# Visual Studio Version 17
VisualStudioVersion = 17.13.35931.197 d17.13
MinimumVisualStudioVersion = 10.0.40219.1
Project("{FAE04EC0-301F-11D3-BF4B-00C04F79EFBC}") = "Simula's Test", "Simula's Test\Simula's Test.csproj", "{8C90070F-AFBE-43CA-AAB7-F12176263E46}"
EndProject
Global
	GlobalSection(SolutionConfigurationPlatforms) = preSolution
		Debug|Any CPU = Debug|Any CPU
		Release|Any CPU = Release|Any CPU
	EndGlobalSection
	GlobalSection(ProjectConfigurationPlatforms) = postSolution
		{8C90070F-AFBE-43CA-AAB7-F12176263E46}.Debug|Any CPU.ActiveCfg = Debug|Any CPU
		{8C90070F-AFBE-43CA-AAB7-F12176263E46}.Debug|Any CPU.Build.0 = Debug|Any CPU
		{8C90070F-AFBE-43CA-AAB7-F12176263E46}.Release|Any CPU.ActiveCfg = Release|Any CPU
		{8C90070F-AFBE-43CA-AAB7-F12176263E46}.Release|Any CPU.Build.0 = Release|Any CPU
	EndGlobalSection
	GlobalSection(SolutionProperties) = preSolution
		HideSolutionNode = FALSE
	EndGlobalSection
	GlobalSection(ExtensibilityGlobals) = postSolution
		SolutionGuid = {22E10019-CAD9-4E49-884D-5882954BC3FD}
	EndGlobalSection
EndGlobal
