
Microsoft Visual Studio Solution File, Format Version 12.00
# Visual Studio Version 17
VisualStudioVersion = 17.14.37411.7 d17.14
MinimumVisualStudioVersion = 10.0.40219.1
Project("{FAE04EC0-301F-11D3-BF4B-00C04F79EFBC}") = "Rock-Paper-Scissors", "Rock-Paper-Scissors\Rock-Paper-Scissors.csproj", "{ECE619CF-3E68-41D8-B0F1-2A6D882B3401}"
EndProject
Global
	GlobalSection(SolutionConfigurationPlatforms) = preSolution
		Debug|Any CPU = Debug|Any CPU
		Release|Any CPU = Release|Any CPU
	EndGlobalSection
	GlobalSection(ProjectConfigurationPlatforms) = postSolution
		{ECE619CF-3E68-41D8-B0F1-2A6D882B3401}.Debug|Any CPU.ActiveCfg = Debug|Any CPU
		{ECE619CF-3E68-41D8-B0F1-2A6D882B3401}.Debug|Any CPU.Build.0 = Debug|Any CPU
		{ECE619CF-3E68-41D8-B0F1-2A6D882B3401}.Release|Any CPU.ActiveCfg = Release|Any CPU
		{ECE619CF-3E68-41D8-B0F1-2A6D882B3401}.Release|Any CPU.Build.0 = Release|Any CPU
	EndGlobalSection
	GlobalSection(SolutionProperties) = preSolution
		HideSolutionNode = FALSE
	EndGlobalSection
	GlobalSection(ExtensibilityGlobals) = postSolution
		SolutionGuid = {4BB0E83F-7966-43B5-8D36-37B2DE2E1E75}
	EndGlobalSection
EndGlobal
