
Microsoft Visual Studio Solution File, Format Version 12.00
# Visual Studio Version 17
VisualStudioVersion = 17.14.37411.7 d17.14
MinimumVisualStudioVersion = 10.0.40219.1
Project("{FAE04EC0-301F-11D3-BF4B-00C04F79EFBC}") = "The Color", "The Color\The Color.csproj", "{593779B0-2451-4553-A0C8-6EA0E4855163}"
EndProject
Global
	GlobalSection(SolutionConfigurationPlatforms) = preSolution
		Debug|Any CPU = Debug|Any CPU
		Release|Any CPU = Release|Any CPU
	EndGlobalSection
	GlobalSection(ProjectConfigurationPlatforms) = postSolution
		{593779B0-2451-4553-A0C8-6EA0E4855163}.Debug|Any CPU.ActiveCfg = Debug|Any CPU
		{593779B0-2451-4553-A0C8-6EA0E4855163}.Debug|Any CPU.Build.0 = Debug|Any CPU
		{593779B0-2451-4553-A0C8-6EA0E4855163}.Release|Any CPU.ActiveCfg = Release|Any CPU
		{593779B0-2451-4553-A0C8-6EA0E4855163}.Release|Any CPU.Build.0 = Release|Any CPU
	EndGlobalSection
	GlobalSection(SolutionProperties) = preSolution
		HideSolutionNode = FALSE
	EndGlobalSection
	GlobalSection(ExtensibilityGlobals) = postSolution
		SolutionGuid = {0ABC8B1D-49F3-4C37-8C01-C19DA2822FB4}
	EndGlobalSection
EndGlobal
